// !$*UTF8*$!
{
	archiveVersion = 1;
	classes = {
	};
	objectVersion = 56;
	objects = {

/* Begin PBXBuildFile section */
		6567FDF42D09C6FE005FEF04 /* SmartFarmIHUApp.swift in Sources */ = {isa = PBXBuildFile; fileRef = 6567FDF32D09C6FE005FEF04 /* SmartFarmIHUApp.swift */; };
		6567FDF82D09C6FF005FEF04 /* Assets.xcassets in Resources */ = {isa = PBXBuildFile; fileRef = 6567FDF72D09C6FF005FEF04 /* Assets.xcassets */; };
		6567FDFB2D09C6FF005FEF04 /* Preview Assets.xcassets in Resources */ = {isa = PBXBuildFile; fileRef = 6567FDFA2D09C6FF005FEF04 /* Preview Assets.xcassets */; };
		6567FE022D09CA2F005FEF04 /* LobbyView.swift in Sources */ = {isa = PBXBuildFile; fileRef = 6567FE012D09CA2F005FEF04 /* LobbyView.swift */; };
		6567FE042D09CAB1005FEF04 /* LobbyUIModel.swift in Sources */ = {isa = PBXBuildFile; fileRef = 6567FE032D09CAB1005FEF04 /* LobbyUIModel.swift */; };
		6567FE072D09CBED005FEF04 /* AppTextConstants.swift in Sources */ = {isa = PBXBuildFile; fileRef = 6567FE062D09CBED005FEF04 /* AppTextConstants.swift */; };
		6567FE0A2D09CE9D005FEF04 /* TextView.swift in Sources */ = {isa = PBXBuildFile; fileRef = 6567FE092D09CE9D005FEF04 /* TextView.swift */; };
		6567FE0D2D09D71A005FEF04 /* DropDownMenuView.swift in Sources */ = {isa = PBXBuildFile; fileRef = 6567FE0C2D09D71A005FEF04 /* DropDownMenuView.swift */; };
		6567FE102D09D7D2005FEF04 /* BackGroundClearView.swift in Sources */ = {isa = PBXBuildFile; fileRef = 6567FE0F2D09D7D2005FEF04 /* BackGroundClearView.swift */; };
		65A1CB522D0ADC5000B957C4 /* AppColor.swift in Sources */ = {isa = PBXBuildFile; fileRef = 65A1CB512D0ADC5000B957C4 /* AppColor.swift */; };
		65A1CB542D0ADEF900B957C4 /* LobbyFooterView.swift in Sources */ = {isa = PBXBuildFile; fileRef = 65A1CB532D0ADEF900B957C4 /* LobbyFooterView.swift */; };
		65A1CB592D0AE71300B957C4 /* DropDownMenyViewModel.swift in Sources */ = {isa = PBXBuildFile; fileRef = 65A1CB582D0AE71300B957C4 /* DropDownMenyViewModel.swift */; };
/* End PBXBuildFile section */

/* Begin PBXFileReference section */
		6567FDF02D09C6FE005FEF04 /* SmartFarmIHU.app */ = {isa = PBXFileReference; explicitFileType = wrapper.application; includeInIndex = 0; path = SmartFarmIHU.app; sourceTree = BUILT_PRODUCTS_DIR; };
		6567FDF32D09C6FE005FEF04 /* SmartFarmIHUApp.swift */ = {isa = PBXFileReference; lastKnownFileType = sourcecode.swift; path = SmartFarmIHUApp.swift; sourceTree = "<group>"; };
		6567FDF72D09C6FF005FEF04 /* Assets.xcassets */ = {isa = PBXFileReference; lastKnownFileType = folder.assetcatalog; path = Assets.xcassets; sourceTree = "<group>"; };
		6567FDFA2D09C6FF005FEF04 /* Preview Assets.xcassets */ = {isa = PBXFileReference; lastKnownFileType = folder.assetcatalog; path = "Preview Assets.xcassets"; sourceTree = "<group>"; };
		6567FE012D09CA2F005FEF04 /* LobbyView.swift */ = {isa = PBXFileReference; lastKnownFileType = sourcecode.swift; path = LobbyView.swift; sourceTree = "<group>"; };
		6567FE032D09CAB1005FEF04 /* LobbyUIModel.swift */ = {isa = PBXFileReference; lastKnownFileType = sourcecode.swift; path = LobbyUIModel.swift; sourceTree = "<group>"; };
		6567FE062D09CBED005FEF04 /* AppTextConstants.swift */ = {isa = PBXFileReference; lastKnownFileType = sourcecode.swift; path = AppTextConstants.swift; sourceTree = "<group>"; };
		6567FE092D09CE9D005FEF04 /* TextView.swift */ = {isa = PBXFileReference; lastKnownFileType = sourcecode.swift; path = TextView.swift; sourceTree = "<group>"; };
		6567FE0C2D09D71A005FEF04 /* DropDownMenuView.swift */ = {isa = PBXFileReference; lastKnownFileType = sourcecode.swift; path = DropDownMenuView.swift; sourceTree = "<group>"; };
		6567FE0F2D09D7D2005FEF04 /* BackGroundClearView.swift */ = {isa = PBXFileReference; lastKnownFileType = sourcecode.swift; path = BackGroundClearView.swift; sourceTree = "<group>"; };
		65A1CB512D0ADC5000B957C4 /* AppColor.swift */ = {isa = PBXFileReference; lastKnownFileType = sourcecode.swift; path = AppColor.swift; sourceTree = "<group>"; };
		65A1CB532D0ADEF900B957C4 /* LobbyFooterView.swift */ = {isa = PBXFileReference; lastKnownFileType = sourcecode.swift; path = LobbyFooterView.swift; sourceTree = "<group>"; };
		65A1CB582D0AE71300B957C4 /* DropDownMenyViewModel.swift */ = {isa = PBXFileReference; lastKnownFileType = sourcecode.swift; path = DropDownMenyViewModel.swift; sourceTree = "<group>"; };
/* End PBXFileReference section */

/* Begin PBXFrameworksBuildPhase section */
		6567FDED2D09C6FE005FEF04 /* Frameworks */ = {
			isa = PBXFrameworksBuildPhase;
			buildActionMask = 2147483647;
			files = (
			);
			runOnlyForDeploymentPostprocessing = 0;
		};
/* End PBXFrameworksBuildPhase section */

/* Begin PBXGroup section */
		6567FDE72D09C6FE005FEF04 = {
			isa = PBXGroup;
			children = (
				6567FDF22D09C6FE005FEF04 /* SmartFarmIHU */,
				6567FDF12D09C6FE005FEF04 /* Products */,
			);
			sourceTree = "<group>";
		};
		6567FDF12D09C6FE005FEF04 /* Products */ = {
			isa = PBXGroup;
			children = (
				6567FDF02D09C6FE005FEF04 /* SmartFarmIHU.app */,
			);
			name = Products;
			sourceTree = "<group>";
		};
		6567FDF22D09C6FE005FEF04 /* SmartFarmIHU */ = {
			isa = PBXGroup;
			children = (
				6567FDF32D09C6FE005FEF04 /* SmartFarmIHUApp.swift */,
				6567FE062D09CBED005FEF04 /* AppTextConstants.swift */,
				65A1CB512D0ADC5000B957C4 /* AppColor.swift */,
				6567FE052D09CBD7005FEF04 /* LobbyView */,
				6567FE0E2D09D7C2005FEF04 /* BackGroundClearView */,
				6567FDF72D09C6FF005FEF04 /* Assets.xcassets */,
				6567FDF92D09C6FF005FEF04 /* Preview Content */,
			);
			path = SmartFarmIHU;
			sourceTree = "<group>";
		};
		6567FDF92D09C6FF005FEF04 /* Preview Content */ = {
			isa = PBXGroup;
			children = (
				6567FDFA2D09C6FF005FEF04 /* Preview Assets.xcassets */,
			);
			path = "Preview Content";
			sourceTree = "<group>";
		};
		6567FE052D09CBD7005FEF04 /* LobbyView */ = {
			isa = PBXGroup;
			children = (
				6567FE012D09CA2F005FEF04 /* LobbyView.swift */,
				6567FE032D09CAB1005FEF04 /* LobbyUIModel.swift */,
				6567FE0B2D09D702005FEF04 /* DropDownMenuView */,
				6567FE082D09CE91005FEF04 /* TextView */,
				65A1CB552D0ADF2A00B957C4 /* LobbyFooterView */,
			);
			path = LobbyView;
			sourceTree = "<group>";
		};
		6567FE082D09CE91005FEF04 /* TextView */ = {
			isa = PBXGroup;
			children = (
				6567FE092D09CE9D005FEF04 /* TextView.swift */,
			);
			path = TextView;
			sourceTree = "<group>";
		};
		6567FE0B2D09D702005FEF04 /* DropDownMenuView */ = {
			isa = PBXGroup;
			children = (
				6567FE0C2D09D71A005FEF04 /* DropDownMenuView.swift */,
				65A1CB582D0AE71300B957C4 /* DropDownMenyViewModel.swift */,
			);
			path = DropDownMenuView;
			sourceTree = "<group>";
		};
		6567FE0E2D09D7C2005FEF04 /* BackGroundClearView */ = {
			isa = PBXGroup;
			children = (
				6567FE0F2D09D7D2005FEF04 /* BackGroundClearView.swift */,
			);
			path = BackGroundClearView;
			sourceTree = "<group>";
		};
		65A1CB552D0ADF2A00B957C4 /* LobbyFooterView */ = {
			isa = PBXGroup;
			children = (
				65A1CB532D0ADEF900B957C4 /* LobbyFooterView.swift */,
			);
			path = LobbyFooterView;
			sourceTree = "<group>";
		};
/* End PBXGroup section */

/* Begin PBXNativeTarget section */
		6567FDEF2D09C6FE005FEF04 /* SmartFarmIHU */ = {
			isa = PBXNativeTarget;
			buildConfigurationList = 6567FDFE2D09C6FF005FEF04 /* Build configuration list for PBXNativeTarget "SmartFarmIHU" */;
			buildPhases = (
				6567FDEC2D09C6FE005FEF04 /* Sources */,
				6567FDED2D09C6FE005FEF04 /* Frameworks */,
				6567FDEE2D09C6FE005FEF04 /* Resources */,
			);
			buildRules = (
			);
			dependencies = (
			);
			name = SmartFarmIHU;
			productName = SmartFarmIHU;
			productReference = 6567FDF02D09C6FE005FEF04 /* SmartFarmIHU.app */;
			productType = "com.apple.product-type.application";
		};
/* End PBXNativeTarget section */

/* Begin PBXProject section */
		6567FDE82D09C6FE005FEF04 /* Project object */ = {
			isa = PBXProject;
			attributes = {
				BuildIndependentTargetsInParallel = 1;
				LastSwiftUpdateCheck = 1540;
				LastUpgradeCheck = 1540;
				TargetAttributes = {
					6567FDEF2D09C6FE005FEF04 = {
						CreatedOnToolsVersion = 15.4;
					};
				};
			};
			buildConfigurationList = 6567FDEB2D09C6FE005FEF04 /* Build configuration list for PBXProject "SmartFarmIHU" */;
			compatibilityVersion = "Xcode 14.0";
			developmentRegion = en;
			hasScannedForEncodings = 0;
			knownRegions = (
				en,
				Base,
			);
			mainGroup = 6567FDE72D09C6FE005FEF04;
			productRefGroup = 6567FDF12D09C6FE005FEF04 /* Products */;
			projectDirPath = "";
			projectRoot = "";
			targets = (
				6567FDEF2D09C6FE005FEF04 /* SmartFarmIHU */,
			);
		};
/* End PBXProject section */

/* Begin PBXResourcesBuildPhase section */
		6567FDEE2D09C6FE005FEF04 /* Resources */ = {
			isa = PBXResourcesBuildPhase;
			buildActionMask = 2147483647;
			files = (
				6567FDFB2D09C6FF005FEF04 /* Preview Assets.xcassets in Resources */,
				6567FDF82D09C6FF005FEF04 /* Assets.xcassets in Resources */,
			);
			runOnlyForDeploymentPostprocessing = 0;
		};
/* End PBXResourcesBuildPhase section */

/* Begin PBXSourcesBuildPhase section */
		6567FDEC2D09C6FE005FEF04 /* Sources */ = {
			isa = PBXSourcesBuildPhase;
			buildActionMask = 2147483647;
			files = (
				6567FE0D2D09D71A005FEF04 /* DropDownMenuView.swift in Sources */,
				65A1CB542D0ADEF900B957C4 /* LobbyFooterView.swift in Sources */,
				65A1CB522D0ADC5000B957C4 /* AppColor.swift in Sources */,
				6567FE072D09CBED005FEF04 /* AppTextConstants.swift in Sources */,
				6567FE102D09D7D2005FEF04 /* BackGroundClearView.swift in Sources */,
				6567FDF42D09C6FE005FEF04 /* SmartFarmIHUApp.swift in Sources */,
				6567FE022D09CA2F005FEF04 /* LobbyView.swift in Sources */,
				6567FE042D09CAB1005FEF04 /* LobbyUIModel.swift in Sources */,
				6567FE0A2D09CE9D005FEF04 /* TextView.swift in Sources */,
				65A1CB592D0AE71300B957C4 /* DropDownMenyViewModel.swift in Sources */,
			);
			runOnlyForDeploymentPostprocessing = 0;
		};
/* End PBXSourcesBuildPhase section */

/* Begin XCBuildConfiguration section */
		6567FDFC2D09C6FF005FEF04 /* Debug */ = {
			isa = XCBuildConfiguration;
			buildSettings = {
				ALWAYS_SEARCH_USER_PATHS = NO;
				ASSETCATALOG_COMPILER_GENERATE_SWIFT_ASSET_SYMBOL_EXTENSIONS = YES;
				CLANG_ANALYZER_NONNULL = YES;
				CLANG_ANALYZER_NUMBER_OBJECT_CONVERSION = YES_AGGRESSIVE;
				CLANG_CXX_LANGUAGE_STANDARD = "gnu++20";
				CLANG_ENABLE_MODULES = YES;
				CLANG_ENABLE_OBJC_ARC = YES;
				CLANG_ENABLE_OBJC_WEAK = YES;
				CLANG_WARN_BLOCK_CAPTURE_AUTORELEASING = YES;
				CLANG_WARN_BOOL_CONVERSION = YES;
				CLANG_WARN_COMMA = YES;
				CLANG_WARN_CONSTANT_CONVERSION = YES;
				CLANG_WARN_DEPRECATED_OBJC_IMPLEMENTATIONS = YES;
				CLANG_WARN_DIRECT_OBJC_ISA_USAGE = YES_ERROR;
				CLANG_WARN_DOCUMENTATION_COMMENTS = YES;
				CLANG_WARN_EMPTY_BODY = YES;
				CLANG_WARN_ENUM_CONVERSION = YES;
				CLANG_WARN_INFINITE_RECURSION = YES;
				CLANG_WARN_INT_CONVERSION = YES;
				CLANG_WARN_NON_LITERAL_NULL_CONVERSION = YES;
				CLANG_WARN_OBJC_IMPLICIT_RETAIN_SELF = YES;
				CLANG_WARN_OBJC_LITERAL_CONVERSION = YES;
				CLANG_WARN_OBJC_ROOT_CLASS = YES_ERROR;
				CLANG_WARN_QUOTED_INCLUDE_IN_FRAMEWORK_HEADER = YES;
				CLANG_WARN_RANGE_LOOP_ANALYSIS = YES;
				CLANG_WARN_STRICT_PROTOTYPES = YES;
				CLANG_WARN_SUSPICIOUS_MOVE = YES;
				CLANG_WARN_UNGUARDED_AVAILABILITY = YES_AGGRESSIVE;
				CLANG_WARN_UNREACHABLE_CODE = YES;
				CLANG_WARN__DUPLICATE_METHOD_MATCH = YES;
				COPY_PHASE_STRIP = NO;
				DEBUG_INFORMATION_FORMAT = dwarf;
				ENABLE_STRICT_OBJC_MSGSEND = YES;
				ENABLE_TESTABILITY = YES;
				ENABLE_USER_SCRIPT_SANDBOXING = YES;
				GCC_C_LANGUAGE_STANDARD = gnu17;
				GCC_DYNAMIC_NO_PIC = NO;
				GCC_NO_COMMON_BLOCKS = YES;
				GCC_OPTIMIZATION_LEVEL = 0;
				GCC_PREPROCESSOR_DEFINITIONS = (
					"DEBUG=1",
					"$(inherited)",
				);
				GCC_WARN_64_TO_32_BIT_CONVERSION = YES;
				GCC_WARN_ABOUT_RETURN_TYPE = YES_ERROR;
				GCC_WARN_UNDECLARED_SELECTOR = YES;
				GCC_WARN_UNINITIALIZED_AUTOS = YES_AGGRESSIVE;
				GCC_WARN_UNUSED_FUNCTION = YES;
				GCC_WARN_UNUSED_VARIABLE = YES;
				IPHONEOS_DEPLOYMENT_TARGET = 16.0;
				LOCALIZATION_PREFERS_STRING_CATALOGS = YES;
				MTL_ENABLE_DEBUG_INFO = INCLUDE_SOURCE;
				MTL_FAST_MATH = YES;
				ONLY_ACTIVE_ARCH = YES;
				SDKROOT = iphoneos;
				SWIFT_ACTIVE_COMPILATION_CONDITIONS = "DEBUG $(inherited)";
				SWIFT_OPTIMIZATION_LEVEL = "-Onone";
			};
			name = Debug;
		};
		6567FDFD2D09C6FF005FEF04 /* Release */ = {
			isa = XCBuildConfiguration;
			buildSettings = {
				ALWAYS_SEARCH_USER_PATHS = NO;
				ASSETCATALOG_COMPILER_GENERATE_SWIFT_ASSET_SYMBOL_EXTENSIONS = YES;
				CLANG_ANALYZER_NONNULL = YES;
				CLANG_ANALYZER_NUMBER_OBJECT_CONVERSION = YES_AGGRESSIVE;
				CLANG_CXX_LANGUAGE_STANDARD = "gnu++20";
				CLANG_ENABLE_MODULES = YES;
				CLANG_ENABLE_OBJC_ARC = YES;
				CLANG_ENABLE_OBJC_WEAK = YES;
				CLANG_WARN_BLOCK_CAPTURE_AUTORELEASING = YES;
				CLANG_WARN_BOOL_CONVERSION = YES;
				CLANG_WARN_COMMA = YES;
				CLANG_WARN_CONSTANT_CONVERSION = YES;
				CLANG_WARN_DEPRECATED_OBJC_IMPLEMENTATIONS = YES;
				CLANG_WARN_DIRECT_OBJC_ISA_USAGE = YES_ERROR;
				CLANG_WARN_DOCUMENTATION_COMMENTS = YES;
				CLANG_WARN_EMPTY_BODY = YES;
				CLANG_WARN_ENUM_CONVERSION = YES;
				CLANG_WARN_INFINITE_RECURSION = YES;
				CLANG_WARN_INT_CONVERSION = YES;
				CLANG_WARN_NON_LITERAL_NULL_CONVERSION = YES;
				CLANG_WARN_OBJC_IMPLICIT_RETAIN_SELF = YES;
				CLANG_WARN_OBJC_LITERAL_CONVERSION = YES;
				CLANG_WARN_OBJC_ROOT_CLASS = YES_ERROR;
				CLANG_WARN_QUOTED_INCLUDE_IN_FRAMEWORK_HEADER = YES;
				CLANG_WARN_RANGE_LOOP_ANALYSIS = YES;
				CLANG_WARN_STRICT_PROTOTYPES = YES;
				CLANG_WARN_SUSPICIOUS_MOVE = YES;
				CLANG_WARN_UNGUARDED_AVAILABILITY = YES_AGGRESSIVE;
				CLANG_WARN_UNREACHABLE_CODE = YES;
				CLANG_WARN__DUPLICATE_METHOD_MATCH = YES;
				COPY_PHASE_STRIP = NO;
				DEBUG_INFORMATION_FORMAT = "dwarf-with-dsym";
				ENABLE_NS_ASSERTIONS = NO;
				ENABLE_STRICT_OBJC_MSGSEND = YES;
				ENABLE_USER_SCRIPT_SANDBOXING = YES;
				GCC_C_LANGUAGE_STANDARD = gnu17;
				GCC_NO_COMMON_BLOCKS = YES;
				GCC_WARN_64_TO_32_BIT_CONVERSION = YES;
				GCC_WARN_ABOUT_RETURN_TYPE = YES_ERROR;
				GCC_WARN_UNDECLARED_SELECTOR = YES;
				GCC_WARN_UNINITIALIZED_AUTOS = YES_AGGRESSIVE;
				GCC_WARN_UNUSED_FUNCTION = YES;
				GCC_WARN_UNUSED_VARIABLE = YES;
				IPHONEOS_DEPLOYMENT_TARGET = 16.0;
				LOCALIZATION_PREFERS_STRING_CATALOGS = YES;
				MTL_ENABLE_DEBUG_INFO = NO;
				MTL_FAST_MATH = YES;
				SDKROOT = iphoneos;
				SWIFT_COMPILATION_MODE = wholemodule;
				VALIDATE_PRODUCT = YES;
			};
			name = Release;
		};
		6567FDFF2D09C6FF005FEF04 /* Debug */ = {
			isa = XCBuildConfiguration;
			buildSettings = {
				ASSETCATALOG_COMPILER_APPICON_NAME = AppIcon;
				ASSETCATALOG_COMPILER_GLOBAL_ACCENT_COLOR_NAME = AccentColor;
				CODE_SIGN_STYLE = Automatic;
				CURRENT_PROJECT_VERSION = 1;
				DEVELOPMENT_ASSET_PATHS = "\"SmartFarmIHU/Preview Content\"";
				DEVELOPMENT_TEAM = HZR8CUJKU7;
				ENABLE_PREVIEWS = YES;
				GENERATE_INFOPLIST_FILE = YES;
				INFOPLIST_KEY_UIApplicationSceneManifest_Generation = YES;
				INFOPLIST_KEY_UIApplicationSupportsIndirectInputEvents = YES;
				INFOPLIST_KEY_UILaunchScreen_Generation = YES;
				INFOPLIST_KEY_UISupportedInterfaceOrientations_iPad = "UIInterfaceOrientationPortrait UIInterfaceOrientationPortraitUpsideDown UIInterfaceOrientationLandscapeLeft UIInterfaceOrientationLandscapeRight";
				INFOPLIST_KEY_UISupportedInterfaceOrientations_iPhone = "UIInterfaceOrientationPortrait UIInterfaceOrientationLandscapeLeft UIInterfaceOrientationLandscapeRight";
				LD_RUNPATH_SEARCH_PATHS = (
					"$(inherited)",
					"@executable_path/Frameworks",
				);
				MARKETING_VERSION = 1.0;
				PRODUCT_BUNDLE_IDENTIFIER = com.example.SmartFarmIHU;
				PRODUCT_NAME = "$(TARGET_NAME)";
				SWIFT_EMIT_LOC_STRINGS = YES;
				SWIFT_VERSION = 5.0;
				TARGETED_DEVICE_FAMILY = "1,2";
			};
			name = Debug;
		};
		6567FE002D09C6FF005FEF04 /* Release */ = {
			isa = XCBuildConfiguration;
			buildSettings = {
				ASSETCATALOG_COMPILER_APPICON_NAME = AppIcon;
				ASSETCATALOG_COMPILER_GLOBAL_ACCENT_COLOR_NAME = AccentColor;
				CODE_SIGN_STYLE = Automatic;
				CURRENT_PROJECT_VERSION = 1;
				DEVELOPMENT_ASSET_PATHS = "\"SmartFarmIHU/Preview Content\"";
				DEVELOPMENT_TEAM = HZR8CUJKU7;
				ENABLE_PREVIEWS = YES;
				GENERATE_INFOPLIST_FILE = YES;
				INFOPLIST_KEY_UIApplicationSceneManifest_Generation = YES;
				INFOPLIST_KEY_UIApplicationSupportsIndirectInputEvents = YES;
				INFOPLIST_KEY_UILaunchScreen_Generation = YES;
				INFOPLIST_KEY_UISupportedInterfaceOrientations_iPad = "UIInterfaceOrientationPortrait UIInterfaceOrientationPortraitUpsideDown UIInterfaceOrientationLandscapeLeft UIInterfaceOrientationLandscapeRight";
				INFOPLIST_KEY_UISupportedInterfaceOrientations_iPhone = "UIInterfaceOrientationPortrait UIInterfaceOrientationLandscapeLeft UIInterfaceOrientationLandscapeRight";
				LD_RUNPATH_SEARCH_PATHS = (
					"$(inherited)",
					"@executable_path/Frameworks",
				);
				MARKETING_VERSION = 1.0;
				PRODUCT_BUNDLE_IDENTIFIER = com.example.SmartFarmIHU;
				PRODUCT_NAME = "$(TARGET_NAME)";
				SWIFT_EMIT_LOC_STRINGS = YES;
				SWIFT_VERSION = 5.0;
				TARGETED_DEVICE_FAMILY = "1,2";
			};
			name = Release;
		};
/* End XCBuildConfiguration section */

/* Begin XCConfigurationList section */
		6567FDEB2D09C6FE005FEF04 /* Build configuration list for PBXProject "SmartFarmIHU" */ = {
			isa = XCConfigurationList;
			buildConfigurations = (
				6567FDFC2D09C6FF005FEF04 /* Debug */,
				6567FDFD2D09C6FF005FEF04 /* Release */,
			);
			defaultConfigurationIsVisible = 0;
			defaultConfigurationName = Release;
		};
		6567FDFE2D09C6FF005FEF04 /* Build configuration list for PBXNativeTarget "SmartFarmIHU" */ = {
			isa = XCConfigurationList;
			buildConfigurations = (
				6567FDFF2D09C6FF005FEF04 /* Debug */,
				6567FE002D09C6FF005FEF04 /* Release */,
			);
			defaultConfigurationIsVisible = 0;
			defaultConfigurationName = Release;
		};
/* End XCConfigurationList section */
	};
	rootObject = 6567FDE82D09C6FE005FEF04 /* Project object */;
}
